[root]
name = "ioc"
version = "0.1.0"
dependencies = [
 "typemap 0.3.3 (registry+https://github.com/rust-lang/crates.io-index)",
]

[[package]]
name = "traitobject"
version = "0.0.3"
source = "registry+https://github.com/rust-lang/crates.io-index"

[[package]]
name = "typemap"
version = "0.3.3"
source = "registry+https://github.com/rust-lang/crates.io-index"
dependencies = [
 "unsafe-any 0.4.1 (registry+https://github.com/rust-lang/crates.io-index)",
]

[[package]]
name = "unsafe-any"
version = "0.4.1"
source = "registry+https://github.com/rust-lang/crates.io-index"
dependencies = [
 "traitobject 0.0.3 (registry+https://github.com/rust-lang/crates.io-index)",
]

[metadata]
"checksum traitobject 0.0.3 (registry+https://github.com/rust-lang/crates.io-index)" = "9dc23794ff47c95882da6f9d15de9a6be14987760a28cc0aafb40b7675ef09d8"
"checksum typemap 0.3.3 (registry+https://github.com/rust-lang/crates.io-index)" = "653be63c80a3296da5551e1bfd2cca35227e13cdd08c6668903ae2f4f77aa1f6"
"checksum unsafe-any 0.4.1 (registry+https://github.com/rust-lang/crates.io-index)" = "b351086021ebc264aea3ab4f94d61d889d98e5e9ec2d985d993f50133537fd3a"
